github.com/Azure/azure-pipeline-go v0.1.8 h1:KmVRa8oFMaargVesEuuEoiLCQ4zCCwQ8QX/xg++KS20=
github.com/Azure/azure-pipeline-go v0.1.8/go.mod h1:XA1kFWRVhSK+KNFiOhfv83Fv8L9achrP7OxIzeTn1Yg=
github.com/Azure/azure-storage-queue-go v0.0.0-20191125232315-636801874cdd h1:b3wyxBl3vvr15tUAziPBPK354y+LSdfPCpex5oBttHo=
github.com/Azure/azure-storage-queue-go v0.0.0-20191125232315-636801874cdd/go.mod h1:K6am8mT+5iFXgingS9LUc7TmbsW6XBw3nxaRyaMyWc8=
gopkg.in/check.v1 v1.0.0-20161208181325-20d25e280405/go.mod h1:Co6ibVJAznAaIkqp8huTwlJQCZ016jof/cbN4VW5Yz0=
